
Microsoft Visual Studio Solution File, Format Version 12.00
# Visual Studio 15
VisualStudioVersion = 15.0.28307.572
MinimumVisualStudioVersion = 10.0.40219.1
Project("{FAE04EC0-301F-11D3-BF4B-00C04F79EFBC}") = "CRUD_Razor_2_1", "CRUD_Razor_2_1\CRUD_Razor_2_1.csproj", "{73F01F0E-7FB9-4EFA-B056-DACF6309C02A}"
EndProject
Global
	GlobalSection(SolutionConfigurationPlatforms) = preSolution
		Debug|Any CPU = Debug|Any CPU
		Release|Any CPU = Release|Any CPU
	EndGlobalSection
	GlobalSection(ProjectConfigurationPlatforms) = postSolution
		{73F01F0E-7FB9-4EFA-B056-DACF6309C02A}.Debug|Any CPU.ActiveCfg = Debug|Any CPU
		{73F01F0E-7FB9-4EFA-B056-DACF6309C02A}.Debug|Any CPU.Build.0 = Debug|Any CPU
		{73F01F0E-7FB9-4EFA-B056-DACF6309C02A}.Release|Any CPU.ActiveCfg = Release|Any CPU
		{73F01F0E-7FB9-4EFA-B056-DACF6309C02A}.Release|Any CPU.Build.0 = Release|Any CPU
	EndGlobalSection
	GlobalSection(SolutionProperties) = preSolution
		HideSolutionNode = FALSE
	EndGlobalSection
	GlobalSection(ExtensibilityGlobals) = postSolution
		SolutionGuid = {4850B789-BE2F-4E31-887A-AC9012D0128B}
	EndGlobalSection
EndGlobal
